git.fractalqb.de/fractalqb/daq v0.11.0 h1:Y2/GXwq8mNs+Dl99Q4TTUbCRmvLdbsICpzpiYxmm5zg=
git.fractalqb.de/fractalqb/daq v0.11.0/go.mod h1:M7VSYrcMlGKajU6BR9LGNBVI0TQTLKxN5ZhPxGUAYkk=
git.fractalqb.de/fractalqb/eloc v0.3.0 h1:swBzYbcOzdXnUY8Nr/ViaXTANX6T/DUtlh8CocGGXtk=
git.fractalqb.de/fractalqb/eloc v0.3.0/go.mod h1:K4IkNAzguub9KlhoGrVGCvnSRKaf2v4CmtUub2Eq6iE=
git.fractalqb.de/fractalqb/testerr v0.1.1 h1:nKJbuZzDBDkfwb32C21jPOoRbe+9xy8QBXKrvt1kZtE=
git.fractalqb.de/fractalqb/testerr v0.1.1/go.mod h1:9QIePAgsw5T/fD2CZmMUFs9xdBxryombyGoA812O288=
github.com/pebbe/zmq4 v1.2.11 h1:Ua5mgIaZeabUGnH7tqswkUcjkL7JYGai5e8v4hpEU9Q=
github.com/pebbe/zmq4 v1.2.11/go.mod h1:nqnPueOapVhE2wItZ0uOErngczsJdLOGkebMxaO8r48=
golang.org/x/exp v0.0.0-20240909161429-701f63a606c0 h1:e66Fs6Z+fZTbFBAxKfP3PALWBtpfqks2bwGcexMxgtk=
golang.org/x/exp v0.0.0-20240909161429-701f63a606c0/go.mod h1:2TbTHSBQa924w8M6Xs1QcRcFwyucIwBGpK1p2f1YFFY=
