git.fractalqb.de/fractalqb/c4hgol v0.12.0/go.mod h1:WaEjUnHxxec4RshLTh6cbtbzTnaYYgsK01gjrkBmuoo=
git.fractalqb.de/fractalqb/c4hgol v0.13.0 h1:K//N7Qj+ZMhVip5ffoChQx5Tx+H79Ftw54DuKU9tmho=
git.fractalqb.de/fractalqb/c4hgol v0.13.0/go.mod h1:NCwvC/sV+V5qE4h9FGzKDgl2nsBw3hOpNbThEgnIWvM=
git.fractalqb.de/fractalqb/ggja v0.11.2 h1:YmQ1qJ76BWfXRP7vzj+jRQ2nJQR1F80DtdCzIsvVxFQ=
git.fractalqb.de/fractalqb/ggja v0.11.2/go.mod h1:AIZ5hSqD4EkkA7UhzCeGfD7dS6rjs164qh1hx1B7LE8=
git.fractalqb.de/fractalqb/qblog v0.12.2 h1:2Eh9/LkUn3qiJ4B8RUjrn8Eb0D6W9T8wnsl1OcB/xec=
git.fractalqb.de/fractalqb/qblog v0.12.2/go.mod h1:Rp063/Hu1HGTUQnL6JU35HfGAsNaNSNSq6zCbYzyswg=
git.fractalqb.de/fractalqb/sllm/v2 v2.0.0-alpha/go.mod h1:cZaIrlY3XQkvjFigU9RmUvXtT5tVqoNDkpV/qaIl3EA=
git.fractalqb.de/fractalqb/sllm/v2 v2.1.0-alpha h1:BeXgsYGC+ZXjSRfB0p2rm7IhQlPvXMnbBrImRbR2LxU=
git.fractalqb.de/fractalqb/sllm/v2 v2.1.0-alpha/go.mod h1:cZaIrlY3XQkvjFigU9RmUvXtT5tVqoNDkpV/qaIl3EA=
github.com/davecgh/go-spew v1.1.0 h1:ZDRjVQ15GmhC3fiQ8ni8+OwkZQO4DARzQgrnXU1Liz8=
github.com/davecgh/go-spew v1.1.0/go.mod h1:J7Y8YcW2NihsgmVo/mv3lAwl/skON4iLHjSsI+c5H38=
github.com/pebbe/zmq4 v1.2.9 h1:JlHcdgq6zpppNR1tH0wXJq0XK03pRUc4lBlHTD7aj/4=
github.com/pebbe/zmq4 v1.2.9/go.mod h1:nqnPueOapVhE2wItZ0uOErngczsJdLOGkebMxaO8r48=
github.com/pmezard/go-difflib v1.0.0 h1:4DBwDE0NGyQoBHbLQYPwSUPoCMWR5BEzIk/f1lZbAQM=
github.com/pmezard/go-difflib v1.0.0/go.mod h1:iKH77koFhYxTK1pcRnkKkqfTogsbg7gZNVY4sRDYZ/4=
github.com/stretchr/objx v0.1.0/go.mod h1:HFkY916IF+rwdDfMAkV7OtwuqBVzrE8GR6GFx+wExME=
github.com/stretchr/testify v1.3.0 h1:TivCn/peBQ7UY8ooIcPgZFpTNSz0Q2U6UrFlUfqbe0Q=
github.com/stretchr/testify v1.3.0/go.mod h1:M5WIy9Dh21IEIfnGCwXGc5bZfKNJtfHm1UVUgZn+9EI=
github.com/xeipuuv/gojsonpointer v0.0.0-20180127040702-4e3ac2762d5f/go.mod h1:N2zxlSyiKSe5eX1tZViRH5QA0qijqEDrYZiPEAiq3wU=
github.com/xeipuuv/gojsonpointer v0.0.0-20190905194746-02993c407bfb h1:zGWFAtiMcyryUHoUjUJX0/lt1H2+i2Ka2n+D3DImSNo=
github.com/xeipuuv/gojsonpointer v0.0.0-20190905194746-02993c407bfb/go.mod h1:N2zxlSyiKSe5eX1tZViRH5QA0qijqEDrYZiPEAiq3wU=
github.com/xeipuuv/gojsonreference v0.0.0-20180127040603-bd5ef7bd5415 h1:EzJWgHovont7NscjpAxXsDA8S8BMYve8Y5+7cuRE7R0=
github.com/xeipuuv/gojsonreference v0.0.0-20180127040603-bd5ef7bd5415/go.mod h1:GwrjFmJcFw6At/Gs6z4yjiIwzuJ1/+UwLxMQDVQXShQ=
github.com/xeipuuv/gojsonschema v1.2.0 h1:LhYJRs+L4fBtjZUfuSZIKGeVu0QRy8e5Xi7D17UxZ74=
github.com/xeipuuv/gojsonschema v1.2.0/go.mod h1:anYRn/JVcOK2ZgGU+IjEV4nwlhoK5sQluxsYJ78Id3Y=
